Microsoft Visual Studio Solution File, Format Version 11.00
# Visual Studio 2008

Project("{D6193090-4C8D-C4CC-1FF1-E32FC3085DCA}") = "Frankensurfer 2", "Assembly-CSharp-firstpass-vs.csproj", "{4759A8D3-430C-0FE9-45A3-1DD94C3CD4A1}"
EndProject
Project("{D6193090-4C8D-C4CC-1FF1-E32FC3085DCA}") = "Frankensurfer 2", "Assembly-CSharp-vs.csproj", "{DA123985-0205-6109-439D-4A93836391B5}"
EndProject
Project("{D6193090-4C8D-C4CC-1FF1-E32FC3085DCA}") = "Frankensurfer 2", "Assembly-CSharp-Editor-vs.csproj", "{A6FD789C-E15F-36F7-7798-0114EA3E4EA2}"
EndProject
Global
	GlobalSection(SolutionConfigurationPlatforms) = preSolution
		Debug|Any CPU = Debug|Any CPU
		Release|Any CPU = Release|Any CPU
	EndGlobalSection
	GlobalSection(ProjectConfigurationPlatforms) = postSolution
		{4759A8D3-430C-0FE9-45A3-1DD94C3CD4A1}.Debug|Any CPU.ActiveCfg = Debug|Any CPU
		{4759A8D3-430C-0FE9-45A3-1DD94C3CD4A1}.Debug|Any CPU.Build.0 = Debug|Any CPU
		{4759A8D3-430C-0FE9-45A3-1DD94C3CD4A1}.Release|Any CPU.ActiveCfg = Release|Any CPU
		{4759A8D3-430C-0FE9-45A3-1DD94C3CD4A1}.Release|Any CPU.Build.0 = Release|Any CPU
		{DA123985-0205-6109-439D-4A93836391B5}.Debug|Any CPU.ActiveCfg = Debug|Any CPU
		{DA123985-0205-6109-439D-4A93836391B5}.Debug|Any CPU.Build.0 = Debug|Any CPU
		{DA123985-0205-6109-439D-4A93836391B5}.Release|Any CPU.ActiveCfg = Release|Any CPU
		{DA123985-0205-6109-439D-4A93836391B5}.Release|Any CPU.Build.0 = Release|Any CPU
		{A6FD789C-E15F-36F7-7798-0114EA3E4EA2}.Debug|Any CPU.ActiveCfg = Debug|Any CPU
		{A6FD789C-E15F-36F7-7798-0114EA3E4EA2}.Debug|Any CPU.Build.0 = Debug|Any CPU
		{A6FD789C-E15F-36F7-7798-0114EA3E4EA2}.Release|Any CPU.ActiveCfg = Release|Any CPU
		{A6FD789C-E15F-36F7-7798-0114EA3E4EA2}.Release|Any CPU.Build.0 = Release|Any CPU
	EndGlobalSection
	GlobalSection(SolutionProperties) = preSolution
		HideSolutionNode = FALSE
	EndGlobalSection
												GlobalSection(MonoDevelopProperties) = preSolution
		StartupItem = Assembly-CSharp.csproj
		Policies = $0
		$0.TextStylePolicy = $1
		$1.inheritsSet = null
		$1.scope = text/x-csharp
		$0.CSharpFormattingPolicy = $2
		$2.inheritsSet = Mono
		$2.inheritsScope = text/x-csharp
		$2.scope = text/x-csharp
		$0.TextStylePolicy = $3
		$3.FileWidth = 120
		$3.TabWidth = 4
		$3.EolMarker = Unix
		$3.inheritsSet = Mono
		$3.inheritsScope = text/plain
		$3.scope = text/plain
	EndGlobalSection

EndGlobal
