Microsoft Visual Studio Solution File, Format Version 11.00
# Visual Studio 2008

Project("{641B6AA6-6FAD-5F5F-40F0-91CFEB44CEF8}") = "Frankensurfer R", "Assembly-CSharp-firstpass.csproj", "{9DEB7A41-0F4B-F152-B91F-310D44B0096B}"
EndProject
Project("{641B6AA6-6FAD-5F5F-40F0-91CFEB44CEF8}") = "Frankensurfer R", "Assembly-CSharp.csproj", "{A79BA5B6-508F-BC10-63C0-10A4834E5E83}"
EndProject
Project("{641B6AA6-6FAD-5F5F-40F0-91CFEB44CEF8}") = "Frankensurfer R", "Assembly-CSharp-Editor.csproj", "{EAAC8AAB-7E0B-C02A-B4C8-514AB52CDA9E}"
EndProject
Global
	GlobalSection(SolutionConfigurationPlatforms) = preSolution
		Debug|Any CPU = Debug|Any CPU
		Release|Any CPU = Release|Any CPU
	EndGlobalSection
	GlobalSection(ProjectConfigurationPlatforms) = postSolution
		{9DEB7A41-0F4B-F152-B91F-310D44B0096B}.Debug|Any CPU.ActiveCfg = Debug|Any CPU
		{9DEB7A41-0F4B-F152-B91F-310D44B0096B}.Debug|Any CPU.Build.0 = Debug|Any CPU
		{9DEB7A41-0F4B-F152-B91F-310D44B0096B}.Release|Any CPU.ActiveCfg = Release|Any CPU
		{9DEB7A41-0F4B-F152-B91F-310D44B0096B}.Release|Any CPU.Build.0 = Release|Any CPU
		{A79BA5B6-508F-BC10-63C0-10A4834E5E83}.Debug|Any CPU.ActiveCfg = Debug|Any CPU
		{A79BA5B6-508F-BC10-63C0-10A4834E5E83}.Debug|Any CPU.Build.0 = Debug|Any CPU
		{A79BA5B6-508F-BC10-63C0-10A4834E5E83}.Release|Any CPU.ActiveCfg = Release|Any CPU
		{A79BA5B6-508F-BC10-63C0-10A4834E5E83}.Release|Any CPU.Build.0 = Release|Any CPU
		{EAAC8AAB-7E0B-C02A-B4C8-514AB52CDA9E}.Debug|Any CPU.ActiveCfg = Debug|Any CPU
		{EAAC8AAB-7E0B-C02A-B4C8-514AB52CDA9E}.Debug|Any CPU.Build.0 = Debug|Any CPU
		{EAAC8AAB-7E0B-C02A-B4C8-514AB52CDA9E}.Release|Any CPU.ActiveCfg = Release|Any CPU
		{EAAC8AAB-7E0B-C02A-B4C8-514AB52CDA9E}.Release|Any CPU.Build.0 = Release|Any CPU
	EndGlobalSection
	GlobalSection(SolutionProperties) = preSolution
		HideSolutionNode = FALSE
	EndGlobalSection
															GlobalSection(MonoDevelopProperties) = preSolution
		StartupItem = Assembly-CSharp.csproj
		Policies = $0
		$0.TextStylePolicy = $1
		$1.inheritsSet = null
		$1.scope = text/x-csharp
		$0.CSharpFormattingPolicy = $2
		$2.inheritsSet = Mono
		$2.inheritsScope = text/x-csharp
		$2.scope = text/x-csharp
		$0.TextStylePolicy = $3
		$3.FileWidth = 120
		$3.TabWidth = 4
		$3.EolMarker = Unix
		$3.inheritsSet = Mono
		$3.inheritsScope = text/plain
		$3.scope = text/plain
	EndGlobalSection

EndGlobal
